
Microsoft Visual Studio Solution File, Format Version 12.00
# Visual Studio Version 16
VisualStudioVersion = 16.0.29926.136
MinimumVisualStudioVersion = 10.0.40219.1
Project("{9A19103F-16F7-4668-BE54-9A1E7A4F7556}") = "BunnyCdn", "src\BunnyCdn.csproj", "{54260B5D-CC15-463D-B82A-4572D342777F}"
EndProject
Project("{2150E333-8FDC-42A3-9474-1A3956D46DE8}") = "Solution Items", "Solution Items", "{FC3786AE-AFF7-4CBE-A47C-DFD7AEF2C357}"
	ProjectSection(SolutionItems) = preProject
		README.md = README.md
	EndProjectSection
EndProject
Global
	GlobalSection(SolutionConfigurationPlatforms) = preSolution
		Debug|Any CPU = Debug|Any CPU
		Release|Any CPU = Release|Any CPU
	EndGlobalSection
	GlobalSection(ProjectConfigurationPlatforms) = postSolution
		{54260B5D-CC15-463D-B82A-4572D342777F}.Debug|Any CPU.ActiveCfg = Debug|Any CPU
		{54260B5D-CC15-463D-B82A-4572D342777F}.Debug|Any CPU.Build.0 = Debug|Any CPU
		{54260B5D-CC15-463D-B82A-4572D342777F}.Release|Any CPU.ActiveCfg = Release|Any CPU
		{54260B5D-CC15-463D-B82A-4572D342777F}.Release|Any CPU.Build.0 = Release|Any CPU
	EndGlobalSection
	GlobalSection(SolutionProperties) = preSolution
		HideSolutionNode = FALSE
	EndGlobalSection
	GlobalSection(ExtensibilityGlobals) = postSolution
		SolutionGuid = {EC8BFF0F-4A11-40CD-B5E7-3F8B0402F511}
	EndGlobalSection
EndGlobal
